// !$*UTF8*$!
{
	archiveVersion = 1;
	classes = {
	};
	objectVersion = 50;
	objects = {

/* Begin PBXBuildFile section */
		A003157A24B5CDC800A4C429 /* AppDelegate.swift in Sources */ = {isa = PBXBuildFile; fileRef = A003157924B5CDC800A4C429 /* AppDelegate.swift */; };
		A003157C24B5CDC800A4C429 /* ViewController.swift in Sources */ = {isa = PBXBuildFile; fileRef = A003157B24B5CDC800A4C429 /* ViewController.swift */; };
		A003157F24B5CDC800A4C429 /* Main.storyboard in Resources */ = {isa = PBXBuildFile; fileRef = A003157D24B5CDC800A4C429 /* Main.storyboard */; };
		A003158124B5CDCB00A4C429 /* Assets.xcassets in Resources */ = {isa = PBXBuildFile; fileRef = A003158024B5CDCB00A4C429 /* Assets.xcassets */; };
		A003158424B5CDCB00A4C429 /* LaunchScreen.storyboard in Resources */ = {isa = PBXBuildFile; fileRef = A003158224B5CDCB00A4C429 /* LaunchScreen.storyboard */; };
		A01D5E2B24B6231700536C30 /* Meeting.swift in Sources */ = {isa = PBXBuildFile; fileRef = A01D5E2724B6231700536C30 /* Meeting.swift */; };
		A01D5E2D24B6231700536C30 /* MeetingDetailViewController.swift in Sources */ = {isa = PBXBuildFile; fileRef = A01D5E2924B6231700536C30 /* MeetingDetailViewController.swift */; };
		A01D5E2F24B6257C00536C30 /* RootTableViewController.swift in Sources */ = {isa = PBXBuildFile; fileRef = A01D5E2E24B6257C00536C30 /* RootTableViewController.swift */; };
		A04D6DD524B662C400A9A269 /* NewMeetingViewController.swift in Sources */ = {isa = PBXBuildFile; fileRef = A04D6DD424B662C300A9A269 /* NewMeetingViewController.swift */; };
/* End PBXBuildFile section */

/* Begin PBXFileReference section */
		A003157624B5CDC800A4C429 /* MeetingApp.app */ = {isa = PBXFileReference; explicitFileType = wrapper.application; includeInIndex = 0; path = MeetingApp.app; sourceTree = BUILT_PRODUCTS_DIR; };
		A003157924B5CDC800A4C429 /* AppDelegate.swift */ = {isa = PBXFileReference; lastKnownFileType = sourcecode.swift; path = AppDelegate.swift; sourceTree = "<group>"; };
		A003157B24B5CDC800A4C429 /* ViewController.swift */ = {isa = PBXFileReference; lastKnownFileType = sourcecode.swift; path = ViewController.swift; sourceTree = "<group>"; };
		A003157E24B5CDC800A4C429 /* Base */ = {isa = PBXFileReference; lastKnownFileType = file.storyboard; name = Base; path = Base.lproj/Main.storyboard; sourceTree = "<group>"; };
		A003158024B5CDCB00A4C429 /* Assets.xcassets */ = {isa = PBXFileReference; lastKnownFileType = folder.assetcatalog; path = Assets.xcassets; sourceTree = "<group>"; };
		A003158324B5CDCB00A4C429 /* Base */ = {isa = PBXFileReference; lastKnownFileType = file.storyboard; name = Base; path = Base.lproj/LaunchScreen.storyboard; sourceTree = "<group>"; };
		A003158524B5CDCB00A4C429 /* Info.plist */ = {isa = PBXFileReference; lastKnownFileType = text.plist.xml; path = Info.plist; sourceTree = "<group>"; };
		A01D5E2724B6231700536C30 /* Meeting.swift */ = {isa = PBXFileReference; fileEncoding = 4; lastKnownFileType = sourcecode.swift; path = Meeting.swift; sourceTree = "<group>"; };
		A01D5E2924B6231700536C30 /* MeetingDetailViewController.swift */ = {isa = PBXFileReference; fileEncoding = 4; lastKnownFileType = sourcecode.swift; path = MeetingDetailViewController.swift; sourceTree = "<group>"; };
		A01D5E2E24B6257C00536C30 /* RootTableViewController.swift */ = {isa = PBXFileReference; fileEncoding = 4; lastKnownFileType = sourcecode.swift; path = RootTableViewController.swift; sourceTree = "<group>"; };
		A04D6DD424B662C300A9A269 /* NewMeetingViewController.swift */ = {isa = PBXFileReference; fileEncoding = 4; lastKnownFileType = sourcecode.swift; name = NewMeetingViewController.swift; path = ../../TableViewAppM1/NewMeetingViewController.swift; sourceTree = "<group>"; };
/* End PBXFileReference section */

/* Begin PBXFrameworksBuildPhase section */
		A003157324B5CDC800A4C429 /* Frameworks */ = {
			isa = PBXFrameworksBuildPhase;
			buildActionMask = 2147483647;
			files = (
			);
			runOnlyForDeploymentPostprocessing = 0;
		};
/* End PBXFrameworksBuildPhase section */

/* Begin PBXGroup section */
		A003156D24B5CDC800A4C429 = {
			isa = PBXGroup;
			children = (
				A003157824B5CDC800A4C429 /* MeetingApp */,
				A003157724B5CDC800A4C429 /* Products */,
			);
			sourceTree = "<group>";
		};
		A003157724B5CDC800A4C429 /* Products */ = {
			isa = PBXGroup;
			children = (
				A003157624B5CDC800A4C429 /* MeetingApp.app */,
			);
			name = Products;
			sourceTree = "<group>";
		};
		A003157824B5CDC800A4C429 /* MeetingApp */ = {
			isa = PBXGroup;
			children = (
				A003157924B5CDC800A4C429 /* AppDelegate.swift */,
				A003157B24B5CDC800A4C429 /* ViewController.swift */,
				A003157D24B5CDC800A4C429 /* Main.storyboard */,
				A01D5E2724B6231700536C30 /* Meeting.swift */,
				A01D5E2924B6231700536C30 /* MeetingDetailViewController.swift */,
				A01D5E2E24B6257C00536C30 /* RootTableViewController.swift */,
				A003158024B5CDCB00A4C429 /* Assets.xcassets */,
				A003158224B5CDCB00A4C429 /* LaunchScreen.storyboard */,
				A04D6DD424B662C300A9A269 /* NewMeetingViewController.swift */,
				A003158524B5CDCB00A4C429 /* Info.plist */,
			);
			path = MeetingApp;
			sourceTree = "<group>";
		};
/* End PBXGroup section */

/* Begin PBXNativeTarget section */
		A003157524B5CDC800A4C429 /* MeetingApp */ = {
			isa = PBXNativeTarget;
			buildConfigurationList = A003158824B5CDCB00A4C429 /* Build configuration list for PBXNativeTarget "MeetingApp" */;
			buildPhases = (
				A003157224B5CDC800A4C429 /* Sources */,
				A003157324B5CDC800A4C429 /* Frameworks */,
				A003157424B5CDC800A4C429 /* Resources */,
			);
			buildRules = (
			);
			dependencies = (
			);
			name = MeetingApp;
			productName = MeetingApp;
			productReference = A003157624B5CDC800A4C429 /* MeetingApp.app */;
			productType = "com.apple.product-type.application";
		};
/* End PBXNativeTarget section */

/* Begin PBXProject section */
		A003156E24B5CDC800A4C429 /* Project object */ = {
			isa = PBXProject;
			attributes = {
				LastSwiftUpdateCheck = 0930;
				LastUpgradeCheck = 0930;
				ORGANIZATIONNAME = MZN0047;
				TargetAttributes = {
					A003157524B5CDC800A4C429 = {
						CreatedOnToolsVersion = 9.3.1;
					};
				};
			};
			buildConfigurationList = A003157124B5CDC800A4C429 /* Build configuration list for PBXProject "MeetingApp" */;
			compatibilityVersion = "Xcode 9.3";
			developmentRegion = en;
			hasScannedForEncodings = 0;
			knownRegions = (
				en,
				Base,
			);
			mainGroup = A003156D24B5CDC800A4C429;
			productRefGroup = A003157724B5CDC800A4C429 /* Products */;
			projectDirPath = "";
			projectRoot = "";
			targets = (
				A003157524B5CDC800A4C429 /* MeetingApp */,
			);
		};
/* End PBXProject section */

/* Begin PBXResourcesBuildPhase section */
		A003157424B5CDC800A4C429 /* Resources */ = {
			isa = PBXResourcesBuildPhase;
			buildActionMask = 2147483647;
			files = (
				A003158424B5CDCB00A4C429 /* LaunchScreen.storyboard in Resources */,
				A003158124B5CDCB00A4C429 /* Assets.xcassets in Resources */,
				A003157F24B5CDC800A4C429 /* Main.storyboard in Resources */,
			);
			runOnlyForDeploymentPostprocessing = 0;
		};
/* End PBXResourcesBuildPhase section */

/* Begin PBXSourcesBuildPhase section */
		A003157224B5CDC800A4C429 /* Sources */ = {
			isa = PBXSourcesBuildPhase;
			buildActionMask = 2147483647;
			files = (
				A003157C24B5CDC800A4C429 /* ViewController.swift in Sources */,
				A003157A24B5CDC800A4C429 /* AppDelegate.swift in Sources */,
				A01D5E2F24B6257C00536C30 /* RootTableViewController.swift in Sources */,
				A04D6DD524B662C400A9A269 /* NewMeetingViewController.swift in Sources */,
				A01D5E2D24B6231700536C30 /* MeetingDetailViewController.swift in Sources */,
				A01D5E2B24B6231700536C30 /* Meeting.swift in Sources */,
			);
			runOnlyForDeploymentPostprocessing = 0;
		};
/* End PBXSourcesBuildPhase section */

/* Begin PBXVariantGroup section */
		A003157D24B5CDC800A4C429 /* Main.storyboard */ = {
			isa = PBXVariantGroup;
			children = (
				A003157E24B5CDC800A4C429 /* Base */,
			);
			name = Main.storyboard;
			sourceTree = "<group>";
		};
		A003158224B5CDCB00A4C429 /* LaunchScreen.storyboard */ = {
			isa = PBXVariantGroup;
			children = (
				A003158324B5CDCB00A4C429 /* Base */,
			);
			name = LaunchScreen.storyboard;
			sourceTree = "<group>";
		};
/* End PBXVariantGroup section */

/* Begin XCBuildConfiguration section */
		A003158624B5CDCB00A4C429 /* Debug */ = {
			isa = XCBuildConfiguration;
			buildSettings = {
				ALWAYS_SEARCH_USER_PATHS = NO;
				CLANG_ANALYZER_NONNULL = YES;
				CLANG_ANALYZER_NUMBER_OBJECT_CONVERSION = YES_AGGRESSIVE;
				CLANG_CXX_LANGUAGE_STANDARD = "gnu++14";
				CLANG_CXX_LIBRARY = "libc++";
				CLANG_ENABLE_MODULES = YES;
				CLANG_ENABLE_OBJC_ARC = YES;
				CLANG_ENABLE_OBJC_WEAK = YES;
				CLANG_WARN_BLOCK_CAPTURE_AUTORELEASING = YES;
				CLANG_WARN_BOOL_CONVERSION = YES;
				CLANG_WARN_COMMA = YES;
				CLANG_WARN_CONSTANT_CONVERSION = YES;
				CLANG_WARN_DEPRECATED_OBJC_IMPLEMENTATIONS = YES;
				CLANG_WARN_DIRECT_OBJC_ISA_USAGE = YES_ERROR;
				CLANG_WARN_DOCUMENTATION_COMMENTS = YES;
				CLANG_WARN_EMPTY_BODY = YES;
				CLANG_WARN_ENUM_CONVERSION = YES;
				CLANG_WARN_INFINITE_RECURSION = YES;
				CLANG_WARN_INT_CONVERSION = YES;
				CLANG_WARN_NON_LITERAL_NULL_CONVERSION = YES;
				CLANG_WARN_OBJC_IMPLICIT_RETAIN_SELF = YES;
				CLANG_WARN_OBJC_LITERAL_CONVERSION = YES;
				CLANG_WARN_OBJC_ROOT_CLASS = YES_ERROR;
				CLANG_WARN_RANGE_LOOP_ANALYSIS = YES;
				CLANG_WARN_STRICT_PROTOTYPES = YES;
				CLANG_WARN_SUSPICIOUS_MOVE = YES;
				CLANG_WARN_UNGUARDED_AVAILABILITY = YES_AGGRESSIVE;
				CLANG_WARN_UNREACHABLE_CODE = YES;
				CLANG_WARN__DUPLICATE_METHOD_MATCH = YES;
				CODE_SIGN_IDENTITY = "iPhone Developer";
				COPY_PHASE_STRIP = NO;
				DEBUG_INFORMATION_FORMAT = dwarf;
				ENABLE_STRICT_OBJC_MSGSEND = YES;
				ENABLE_TESTABILITY = YES;
				GCC_C_LANGUAGE_STANDARD = gnu11;
				GCC_DYNAMIC_NO_PIC = NO;
				GCC_NO_COMMON_BLOCKS = YES;
				GCC_OPTIMIZATION_LEVEL = 0;
				GCC_PREPROCESSOR_DEFINITIONS = (
					"DEBUG=1",
					"$(inherited)",
				);
				GCC_WARN_64_TO_32_BIT_CONVERSION = YES;
				GCC_WARN_ABOUT_RETURN_TYPE = YES_ERROR;
				GCC_WARN_UNDECLARED_SELECTOR = YES;
				GCC_WARN_UNINITIALIZED_AUTOS = YES_AGGRESSIVE;
				GCC_WARN_UNUSED_FUNCTION = YES;
				GCC_WARN_UNUSED_VARIABLE = YES;
				IPHONEOS_DEPLOYMENT_TARGET = 11.3;
				MTL_ENABLE_DEBUG_INFO = YES;
				ONLY_ACTIVE_ARCH = YES;
				SDKROOT = iphoneos;
				SWIFT_ACTIVE_COMPILATION_CONDITIONS = DEBUG;
				SWIFT_OPTIMIZATION_LEVEL = "-Onone";
			};
			name = Debug;
		};
		A003158724B5CDCB00A4C429 /* Release */ = {
			isa = XCBuildConfiguration;
			buildSettings = {
				ALWAYS_SEARCH_USER_PATHS = NO;
				CLANG_ANALYZER_NONNULL = YES;
				CLANG_ANALYZER_NUMBER_OBJECT_CONVERSION = YES_AGGRESSIVE;
				CLANG_CXX_LANGUAGE_STANDARD = "gnu++14";
				CLANG_CXX_LIBRARY = "libc++";
				CLANG_ENABLE_MODULES = YES;
				CLANG_ENABLE_OBJC_ARC = YES;
				CLANG_ENABLE_OBJC_WEAK = YES;
				CLANG_WARN_BLOCK_CAPTURE_AUTORELEASING = YES;
				CLANG_WARN_BOOL_CONVERSION = YES;
				CLANG_WARN_COMMA = YES;
				CLANG_WARN_CONSTANT_CONVERSION = YES;
				CLANG_WARN_DEPRECATED_OBJC_IMPLEMENTATIONS = YES;
				CLANG_WARN_DIRECT_OBJC_ISA_USAGE = YES_ERROR;
				CLANG_WARN_DOCUMENTATION_COMMENTS = YES;
				CLANG_WARN_EMPTY_BODY = YES;
				CLANG_WARN_ENUM_CONVERSION = YES;
				CLANG_WARN_INFINITE_RECURSION = YES;
				CLANG_WARN_INT_CONVERSION = YES;
				CLANG_WARN_NON_LITERAL_NULL_CONVERSION = YES;
				CLANG_WARN_OBJC_IMPLICIT_RETAIN_SELF = YES;
				CLANG_WARN_OBJC_LITERAL_CONVERSION = YES;
				CLANG_WARN_OBJC_ROOT_CLASS = YES_ERROR;
				CLANG_WARN_RANGE_LOOP_ANALYSIS = YES;
				CLANG_WARN_STRICT_PROTOTYPES = YES;
				CLANG_WARN_SUSPICIOUS_MOVE = YES;
				CLANG_WARN_UNGUARDED_AVAILABILITY = YES_AGGRESSIVE;
				CLANG_WARN_UNREACHABLE_CODE = YES;
				CLANG_WARN__DUPLICATE_METHOD_MATCH = YES;
				CODE_SIGN_IDENTITY = "iPhone Developer";
				COPY_PHASE_STRIP = NO;
				DEBUG_INFORMATION_FORMAT = "dwarf-with-dsym";
				ENABLE_NS_ASSERTIONS = NO;
				ENABLE_STRICT_OBJC_MSGSEND = YES;
				GCC_C_LANGUAGE_STANDARD = gnu11;
				GCC_NO_COMMON_BLOCKS = YES;
				GCC_WARN_64_TO_32_BIT_CONVERSION = YES;
				GCC_WARN_ABOUT_RETURN_TYPE = YES_ERROR;
				GCC_WARN_UNDECLARED_SELECTOR = YES;
				GCC_WARN_UNINITIALIZED_AUTOS = YES_AGGRESSIVE;
				GCC_WARN_UNUSED_FUNCTION = YES;
				GCC_WARN_UNUSED_VARIABLE = YES;
				IPHONEOS_DEPLOYMENT_TARGET = 11.3;
				MTL_ENABLE_DEBUG_INFO = NO;
				SDKROOT = iphoneos;
				SWIFT_COMPILATION_MODE = wholemodule;
				SWIFT_OPTIMIZATION_LEVEL = "-O";
				VALIDATE_PRODUCT = YES;
			};
			name = Release;
		};
		A003158924B5CDCB00A4C429 /* Debug */ = {
			isa = XCBuildConfiguration;
			buildSettings = {
				ASSETCATALOG_COMPILER_APPICON_NAME = AppIcon;
				CODE_SIGN_STYLE = Automatic;
				INFOPLIST_FILE = MeetingApp/Info.plist;
				LD_RUNPATH_SEARCH_PATHS = (
					"$(inherited)",
					"@executable_path/Frameworks",
				);
				PRODUCT_BUNDLE_IDENTIFIER = Auburn.MeetingApp;
				PRODUCT_NAME = "$(TARGET_NAME)";
				SWIFT_VERSION = 4.0;
				TARGETED_DEVICE_FAMILY = "1,2";
			};
			name = Debug;
		};
		A003158A24B5CDCB00A4C429 /* Release */ = {
			isa = XCBuildConfiguration;
			buildSettings = {
				ASSETCATALOG_COMPILER_APPICON_NAME = AppIcon;
				CODE_SIGN_STYLE = Automatic;
				INFOPLIST_FILE = MeetingApp/Info.plist;
				LD_RUNPATH_SEARCH_PATHS = (
					"$(inherited)",
					"@executable_path/Frameworks",
				);
				PRODUCT_BUNDLE_IDENTIFIER = Auburn.MeetingApp;
				PRODUCT_NAME = "$(TARGET_NAME)";
				SWIFT_VERSION = 4.0;
				TARGETED_DEVICE_FAMILY = "1,2";
			};
			name = Release;
		};
/* End XCBuildConfiguration section */

/* Begin XCConfigurationList section */
		A003157124B5CDC800A4C429 /* Build configuration list for PBXProject "MeetingApp" */ = {
			isa = XCConfigurationList;
			buildConfigurations = (
				A003158624B5CDCB00A4C429 /* Debug */,
				A003158724B5CDCB00A4C429 /* Release */,
			);
			defaultConfigurationIsVisible = 0;
			defaultConfigurationName = Release;
		};
		A003158824B5CDCB00A4C429 /* Build configuration list for PBXNativeTarget "MeetingApp" */ = {
			isa = XCConfigurationList;
			buildConfigurations = (
				A003158924B5CDCB00A4C429 /* Debug */,
				A003158A24B5CDCB00A4C429 /* Release */,
			);
			defaultConfigurationIsVisible = 0;
			defaultConfigurationName = Release;
		};
/* End XCConfigurationList section */
	};
	rootObject = A003156E24B5CDC800A4C429 /* Project object */;
}
